
Microsoft Visual Studio Solution File, Format Version 12.00
# Visual Studio Version 17
VisualStudioVersion = 17.1.32228.430
MinimumVisualStudioVersion = 10.0.40219.1
Project("{9A19103F-16F7-4668-BE54-9A1E7A4F7556}") = "MyFirtApp", "MyFirtApp\MyFirtApp.csproj", "{6F4F590C-33CF-4364-8579-245D60684A80}"
EndProject
Project("{9A19103F-16F7-4668-BE54-9A1E7A4F7556}") = "ATM", "ATM\ATM.csproj", "{5CD40D1D-4C58-4CA5-A729-3FB02832CA8F}"
EndProject
Project("{9A19103F-16F7-4668-BE54-9A1E7A4F7556}") = "Methods", "Methods\Methods.csproj", "{05290CD9-741D-45F6-985E-EE5AA0F17D49}"
EndProject
Project("{9A19103F-16F7-4668-BE54-9A1E7A4F7556}") = "OOP", "OOP\OOP.csproj", "{DC54A1BE-3BB0-4FBE-9AB5-2755E3C216E7}"
EndProject
Project("{9A19103F-16F7-4668-BE54-9A1E7A4F7556}") = "Ecommerce", "Ecommerce\Ecommerce.csproj", "{B1CA2A75-204A-4A54-9314-323DFB6479D1}"
EndProject
Project("{9A19103F-16F7-4668-BE54-9A1E7A4F7556}") = "Counter", "Counter\Counter.csproj", "{447E4547-951D-4C81-B997-AF732E502C67}"
EndProject
Project("{9A19103F-16F7-4668-BE54-9A1E7A4F7556}") = "Algoritm", "Algoritm\Algoritm.csproj", "{997EA250-C13E-4D12-966E-FABE607C05DC}"
EndProject
Project("{FAE04EC0-301F-11D3-BF4B-00C04F79EFBC}") = "SearchEngine", "SearchEngine\SearchEngine.csproj", "{84F54293-ABB1-4601-853A-FEB9600E3EA6}"
EndProject
Global
	GlobalSection(SolutionConfigurationPlatforms) = preSolution
		Debug|Any CPU = Debug|Any CPU
		Release|Any CPU = Release|Any CPU
	EndGlobalSection
	GlobalSection(ProjectConfigurationPlatforms) = postSolution
		{6F4F590C-33CF-4364-8579-245D60684A80}.Debug|Any CPU.ActiveCfg = Debug|Any CPU
		{6F4F590C-33CF-4364-8579-245D60684A80}.Debug|Any CPU.Build.0 = Debug|Any CPU
		{6F4F590C-33CF-4364-8579-245D60684A80}.Release|Any CPU.ActiveCfg = Release|Any CPU
		{6F4F590C-33CF-4364-8579-245D60684A80}.Release|Any CPU.Build.0 = Release|Any CPU
		{5CD40D1D-4C58-4CA5-A729-3FB02832CA8F}.Debug|Any CPU.ActiveCfg = Debug|Any CPU
		{5CD40D1D-4C58-4CA5-A729-3FB02832CA8F}.Debug|Any CPU.Build.0 = Debug|Any CPU
		{5CD40D1D-4C58-4CA5-A729-3FB02832CA8F}.Release|Any CPU.ActiveCfg = Release|Any CPU
		{5CD40D1D-4C58-4CA5-A729-3FB02832CA8F}.Release|Any CPU.Build.0 = Release|Any CPU
		{05290CD9-741D-45F6-985E-EE5AA0F17D49}.Debug|Any CPU.ActiveCfg = Debug|Any CPU
		{05290CD9-741D-45F6-985E-EE5AA0F17D49}.Debug|Any CPU.Build.0 = Debug|Any CPU
		{05290CD9-741D-45F6-985E-EE5AA0F17D49}.Release|Any CPU.ActiveCfg = Release|Any CPU
		{05290CD9-741D-45F6-985E-EE5AA0F17D49}.Release|Any CPU.Build.0 = Release|Any CPU
		{DC54A1BE-3BB0-4FBE-9AB5-2755E3C216E7}.Debug|Any CPU.ActiveCfg = Debug|Any CPU
		{DC54A1BE-3BB0-4FBE-9AB5-2755E3C216E7}.Debug|Any CPU.Build.0 = Debug|Any CPU
		{DC54A1BE-3BB0-4FBE-9AB5-2755E3C216E7}.Release|Any CPU.ActiveCfg = Release|Any CPU
		{DC54A1BE-3BB0-4FBE-9AB5-2755E3C216E7}.Release|Any CPU.Build.0 = Release|Any CPU
		{B1CA2A75-204A-4A54-9314-323DFB6479D1}.Debug|Any CPU.ActiveCfg = Debug|Any CPU
		{B1CA2A75-204A-4A54-9314-323DFB6479D1}.Debug|Any CPU.Build.0 = Debug|Any CPU
		{B1CA2A75-204A-4A54-9314-323DFB6479D1}.Release|Any CPU.ActiveCfg = Release|Any CPU
		{B1CA2A75-204A-4A54-9314-323DFB6479D1}.Release|Any CPU.Build.0 = Release|Any CPU
		{447E4547-951D-4C81-B997-AF732E502C67}.Debug|Any CPU.ActiveCfg = Debug|Any CPU
		{447E4547-951D-4C81-B997-AF732E502C67}.Debug|Any CPU.Build.0 = Debug|Any CPU
		{447E4547-951D-4C81-B997-AF732E502C67}.Release|Any CPU.ActiveCfg = Release|Any CPU
		{447E4547-951D-4C81-B997-AF732E502C67}.Release|Any CPU.Build.0 = Release|Any CPU
		{997EA250-C13E-4D12-966E-FABE607C05DC}.Debug|Any CPU.ActiveCfg = Debug|Any CPU
		{997EA250-C13E-4D12-966E-FABE607C05DC}.Debug|Any CPU.Build.0 = Debug|Any CPU
		{997EA250-C13E-4D12-966E-FABE607C05DC}.Release|Any CPU.ActiveCfg = Release|Any CPU
		{997EA250-C13E-4D12-966E-FABE607C05DC}.Release|Any CPU.Build.0 = Release|Any CPU
		{84F54293-ABB1-4601-853A-FEB9600E3EA6}.Debug|Any CPU.ActiveCfg = Debug|Any CPU
		{84F54293-ABB1-4601-853A-FEB9600E3EA6}.Debug|Any CPU.Build.0 = Debug|Any CPU
		{84F54293-ABB1-4601-853A-FEB9600E3EA6}.Release|Any CPU.ActiveCfg = Release|Any CPU
		{84F54293-ABB1-4601-853A-FEB9600E3EA6}.Release|Any CPU.Build.0 = Release|Any CPU
	EndGlobalSection
	GlobalSection(SolutionProperties) = preSolution
		HideSolutionNode = FALSE
	EndGlobalSection
	GlobalSection(ExtensibilityGlobals) = postSolution
		SolutionGuid = {C00118CF-7AA6-44F6-B280-1E375F9F95DA}
	EndGlobalSection
EndGlobal
