
Microsoft Visual Studio Solution File, Format Version 12.00
# Visual Studio Version 17
VisualStudioVersion = 17.1.32228.430
MinimumVisualStudioVersion = 10.0.40219.1
Project("{9A19103F-16F7-4668-BE54-9A1E7A4F7556}") = "MyFirtApp", "MyFirtApp\MyFirtApp.csproj", "{6F4F590C-33CF-4364-8579-245D60684A80}"
EndProject
Project("{FAE04EC0-301F-11D3-BF4B-00C04F79EFBC}") = "ATM", "ATM\ATM.csproj", "{5CD40D1D-4C58-4CA5-A729-3FB02832CA8F}"
EndProject
Project("{FAE04EC0-301F-11D3-BF4B-00C04F79EFBC}") = "Methods", "Methods\Methods.csproj", "{05290CD9-741D-45F6-985E-EE5AA0F17D49}"
EndProject
Global
	GlobalSection(SolutionConfigurationPlatforms) = preSolution
		Debug|Any CPU = Debug|Any CPU
		Release|Any CPU = Release|Any CPU
	EndGlobalSection
	GlobalSection(ProjectConfigurationPlatforms) = postSolution
		{6F4F590C-33CF-4364-8579-245D60684A80}.Debug|Any CPU.ActiveCfg = Debug|Any CPU
		{6F4F590C-33CF-4364-8579-245D60684A80}.Debug|Any CPU.Build.0 = Debug|Any CPU
		{6F4F590C-33CF-4364-8579-245D60684A80}.Release|Any CPU.ActiveCfg = Release|Any CPU
		{6F4F590C-33CF-4364-8579-245D60684A80}.Release|Any CPU.Build.0 = Release|Any CPU
		{5CD40D1D-4C58-4CA5-A729-3FB02832CA8F}.Debug|Any CPU.ActiveCfg = Debug|Any CPU
		{5CD40D1D-4C58-4CA5-A729-3FB02832CA8F}.Debug|Any CPU.Build.0 = Debug|Any CPU
		{5CD40D1D-4C58-4CA5-A729-3FB02832CA8F}.Release|Any CPU.ActiveCfg = Release|Any CPU
		{5CD40D1D-4C58-4CA5-A729-3FB02832CA8F}.Release|Any CPU.Build.0 = Release|Any CPU
		{05290CD9-741D-45F6-985E-EE5AA0F17D49}.Debug|Any CPU.ActiveCfg = Debug|Any CPU
		{05290CD9-741D-45F6-985E-EE5AA0F17D49}.Debug|Any CPU.Build.0 = Debug|Any CPU
		{05290CD9-741D-45F6-985E-EE5AA0F17D49}.Release|Any CPU.ActiveCfg = Release|Any CPU
		{05290CD9-741D-45F6-985E-EE5AA0F17D49}.Release|Any CPU.Build.0 = Release|Any CPU
	EndGlobalSection
	GlobalSection(SolutionProperties) = preSolution
		HideSolutionNode = FALSE
	EndGlobalSection
	GlobalSection(ExtensibilityGlobals) = postSolution
		SolutionGuid = {C00118CF-7AA6-44F6-B280-1E375F9F95DA}
	EndGlobalSection
EndGlobal
